
Microsoft Visual Studio Solution File, Format Version 12.00
# Visual Studio Version 17
VisualStudioVersion = 17.1.32319.34
MinimumVisualStudioVersion = 10.0.40219.1
Project("{9A19103F-16F7-4668-BE54-9A1E7A4F7556}") = "NET 6 Razor", "NET 6 Razor\NET 6 Razor.csproj", "{28DE52CC-F0D6-43A5-BF98-54715C3C339C}"
EndProject
Project("{FAE04EC0-301F-11D3-BF4B-00C04F79EFBC}") = "DataLayer", "DataLayer\DataLayer.csproj", "{3D2861F3-596E-4A9C-8815-2DCF1FA043D9}"
EndProject
Project("{FAE04EC0-301F-11D3-BF4B-00C04F79EFBC}") = "BusinessLayer", "BusinessLayer\BusinessLayer.csproj", "{846948A9-E65F-44FF-BFB1-08C1B1AC3FFB}"
EndProject
Project("{2150E333-8FDC-42A3-9474-1A3956D46DE8}") = "BL", "BL", "{F712D96C-CE54-42D3-93DD-7A5FFC6B940D}"
EndProject
Project("{2150E333-8FDC-42A3-9474-1A3956D46DE8}") = "DAL", "DAL", "{ED7FB86C-8395-459D-B38B-1D9380D1C3A7}"
EndProject
Project("{2150E333-8FDC-42A3-9474-1A3956D46DE8}") = "PL", "PL", "{751080D2-A4F5-4CD1-A2EC-02E719C3FACB}"
EndProject
Project("{FAE04EC0-301F-11D3-BF4B-00C04F79EFBC}") = "Entity", "Entity\Entity.csproj", "{16902735-C458-4FA8-A5EA-4DE5713F58B7}"
EndProject
Project("{2150E333-8FDC-42A3-9474-1A3956D46DE8}") = "Shared", "Shared", "{CEEF19A0-64AE-4E27-BA7F-82DC5D2FAA3C}"
EndProject
Global
	GlobalSection(SolutionConfigurationPlatforms) = preSolution
		Debug|Any CPU = Debug|Any CPU
		Release|Any CPU = Release|Any CPU
	EndGlobalSection
	GlobalSection(ProjectConfigurationPlatforms) = postSolution
		{28DE52CC-F0D6-43A5-BF98-54715C3C339C}.Debug|Any CPU.ActiveCfg = Debug|Any CPU
		{28DE52CC-F0D6-43A5-BF98-54715C3C339C}.Debug|Any CPU.Build.0 = Debug|Any CPU
		{28DE52CC-F0D6-43A5-BF98-54715C3C339C}.Release|Any CPU.ActiveCfg = Release|Any CPU
		{28DE52CC-F0D6-43A5-BF98-54715C3C339C}.Release|Any CPU.Build.0 = Release|Any CPU
		{3D2861F3-596E-4A9C-8815-2DCF1FA043D9}.Debug|Any CPU.ActiveCfg = Debug|Any CPU
		{3D2861F3-596E-4A9C-8815-2DCF1FA043D9}.Debug|Any CPU.Build.0 = Debug|Any CPU
		{3D2861F3-596E-4A9C-8815-2DCF1FA043D9}.Release|Any CPU.ActiveCfg = Release|Any CPU
		{3D2861F3-596E-4A9C-8815-2DCF1FA043D9}.Release|Any CPU.Build.0 = Release|Any CPU
		{846948A9-E65F-44FF-BFB1-08C1B1AC3FFB}.Debug|Any CPU.ActiveCfg = Debug|Any CPU
		{846948A9-E65F-44FF-BFB1-08C1B1AC3FFB}.Debug|Any CPU.Build.0 = Debug|Any CPU
		{846948A9-E65F-44FF-BFB1-08C1B1AC3FFB}.Release|Any CPU.ActiveCfg = Release|Any CPU
		{846948A9-E65F-44FF-BFB1-08C1B1AC3FFB}.Release|Any CPU.Build.0 = Release|Any CPU
		{16902735-C458-4FA8-A5EA-4DE5713F58B7}.Debug|Any CPU.ActiveCfg = Debug|Any CPU
		{16902735-C458-4FA8-A5EA-4DE5713F58B7}.Debug|Any CPU.Build.0 = Debug|Any CPU
		{16902735-C458-4FA8-A5EA-4DE5713F58B7}.Release|Any CPU.ActiveCfg = Release|Any CPU
		{16902735-C458-4FA8-A5EA-4DE5713F58B7}.Release|Any CPU.Build.0 = Release|Any CPU
	EndGlobalSection
	GlobalSection(SolutionProperties) = preSolution
		HideSolutionNode = FALSE
	EndGlobalSection
	GlobalSection(NestedProjects) = preSolution
		{28DE52CC-F0D6-43A5-BF98-54715C3C339C} = {751080D2-A4F5-4CD1-A2EC-02E719C3FACB}
		{3D2861F3-596E-4A9C-8815-2DCF1FA043D9} = {ED7FB86C-8395-459D-B38B-1D9380D1C3A7}
		{846948A9-E65F-44FF-BFB1-08C1B1AC3FFB} = {F712D96C-CE54-42D3-93DD-7A5FFC6B940D}
		{16902735-C458-4FA8-A5EA-4DE5713F58B7} = {CEEF19A0-64AE-4E27-BA7F-82DC5D2FAA3C}
	EndGlobalSection
	GlobalSection(ExtensibilityGlobals) = postSolution
		SolutionGuid = {89DE159C-6470-44F4-9D6F-B3AF108276C8}
	EndGlobalSection
EndGlobal
